
Microsoft Visual Studio Solution File, Format Version 12.00
# Visual Studio Version 16
VisualStudioVersion = 16.0.30114.105
MinimumVisualStudioVersion = 10.0.40219.1
Project("{FAE04EC0-301F-11D3-BF4B-00C04F79EFBC}") = "Example.MediatR.Api", "Example.MediatR.Api\Example.MediatR.Api.csproj", "{C3E8A829-081D-4DBF-BE41-3C157138D705}"
EndProject
Global
	GlobalSection(SolutionConfigurationPlatforms) = preSolution
		Debug|Any CPU = Debug|Any CPU
		Debug|x64 = Debug|x64
		Debug|x86 = Debug|x86
		Release|Any CPU = Release|Any CPU
		Release|x64 = Release|x64
		Release|x86 = Release|x86
	EndGlobalSection
	GlobalSection(ProjectConfigurationPlatforms) = postSolution
		{C3E8A829-081D-4DBF-BE41-3C157138D705}.Debug|Any CPU.ActiveCfg = Debug|Any CPU
		{C3E8A829-081D-4DBF-BE41-3C157138D705}.Debug|Any CPU.Build.0 = Debug|Any CPU
		{C3E8A829-081D-4DBF-BE41-3C157138D705}.Debug|x64.ActiveCfg = Debug|Any CPU
		{C3E8A829-081D-4DBF-BE41-3C157138D705}.Debug|x64.Build.0 = Debug|Any CPU
		{C3E8A829-081D-4DBF-BE41-3C157138D705}.Debug|x86.ActiveCfg = Debug|Any CPU
		{C3E8A829-081D-4DBF-BE41-3C157138D705}.Debug|x86.Build.0 = Debug|Any CPU
		{C3E8A829-081D-4DBF-BE41-3C157138D705}.Release|Any CPU.ActiveCfg = Release|Any CPU
		{C3E8A829-081D-4DBF-BE41-3C157138D705}.Release|Any CPU.Build.0 = Release|Any CPU
		{C3E8A829-081D-4DBF-BE41-3C157138D705}.Release|x64.ActiveCfg = Release|Any CPU
		{C3E8A829-081D-4DBF-BE41-3C157138D705}.Release|x64.Build.0 = Release|Any CPU
		{C3E8A829-081D-4DBF-BE41-3C157138D705}.Release|x86.ActiveCfg = Release|Any CPU
		{C3E8A829-081D-4DBF-BE41-3C157138D705}.Release|x86.Build.0 = Release|Any CPU
	EndGlobalSection
	GlobalSection(SolutionProperties) = preSolution
		HideSolutionNode = FALSE
	EndGlobalSection
	GlobalSection(ExtensibilityGlobals) = postSolution
		SolutionGuid = {9B3F2454-DB81-4814-85A9-3D77CE2C4428}
	EndGlobalSection
EndGlobal
